
Microsoft Visual Studio Solution File, Format Version 12.00
# Visual Studio Version 17
VisualStudioVersion = 17.0.32002.185
MinimumVisualStudioVersion = 10.0.40219.1
Project("{FAE04EC0-301F-11D3-BF4B-00C04F79EFBC}") = "ZWaveJS.NET", "ZWaveJS.NET\ZWaveJS.NET.csproj", "{78DF967E-D460-4A9D-B3DC-598F5A159D4A}"
EndProject
Project("{FAE04EC0-301F-11D3-BF4B-00C04F79EFBC}") = "Test Console App", "Test Console App\Test Console App.csproj", "{689FD8C0-96E2-43B6-99D8-42523E01014A}"
EndProject
Global
	GlobalSection(SolutionConfigurationPlatforms) = preSolution
		Debug|Any CPU = Debug|Any CPU
		Release|Any CPU = Release|Any CPU
	EndGlobalSection
	GlobalSection(ProjectConfigurationPlatforms) = postSolution
		{78DF967E-D460-4A9D-B3DC-598F5A159D4A}.Debug|Any CPU.ActiveCfg = Debug|Any CPU
		{78DF967E-D460-4A9D-B3DC-598F5A159D4A}.Debug|Any CPU.Build.0 = Debug|Any CPU
		{78DF967E-D460-4A9D-B3DC-598F5A159D4A}.Release|Any CPU.ActiveCfg = Release|Any CPU
		{78DF967E-D460-4A9D-B3DC-598F5A159D4A}.Release|Any CPU.Build.0 = Release|Any CPU
		{689FD8C0-96E2-43B6-99D8-42523E01014A}.Debug|Any CPU.ActiveCfg = Debug|Any CPU
		{689FD8C0-96E2-43B6-99D8-42523E01014A}.Debug|Any CPU.Build.0 = Debug|Any CPU
		{689FD8C0-96E2-43B6-99D8-42523E01014A}.Release|Any CPU.ActiveCfg = Release|Any CPU
		{689FD8C0-96E2-43B6-99D8-42523E01014A}.Release|Any CPU.Build.0 = Release|Any CPU
	EndGlobalSection
	GlobalSection(SolutionProperties) = preSolution
		HideSolutionNode = FALSE
	EndGlobalSection
	GlobalSection(ExtensibilityGlobals) = postSolution
		SolutionGuid = {893FBACC-51BA-4785-95F2-2682B707D590}
	EndGlobalSection
EndGlobal
